Microsoft Visual Studio Solution File, Format Version 12.00
# Visual Studio 2012
Project("{FAE04EC0-301F-11D3-BF4B-00C04F79EFBC}") = "Kenney jam", "Kenney jam.csproj", "{0A35D674-CBD1-48FF-BC49-31CDA27D8D77}"
EndProject
Global
	GlobalSection(SolutionConfigurationPlatforms) = preSolution
	Debug|Any CPU = Debug|Any CPU
	ExportDebug|Any CPU = ExportDebug|Any CPU
	ExportRelease|Any CPU = ExportRelease|Any CPU
	EndGlobalSection
	GlobalSection(ProjectConfigurationPlatforms) = postSolution
		{0A35D674-CBD1-48FF-BC49-31CDA27D8D77}.Debug|Any CPU.ActiveCfg = Debug|Any CPU
		{0A35D674-CBD1-48FF-BC49-31CDA27D8D77}.Debug|Any CPU.Build.0 = Debug|Any CPU
		{0A35D674-CBD1-48FF-BC49-31CDA27D8D77}.ExportDebug|Any CPU.ActiveCfg = ExportDebug|Any CPU
		{0A35D674-CBD1-48FF-BC49-31CDA27D8D77}.ExportDebug|Any CPU.Build.0 = ExportDebug|Any CPU
		{0A35D674-CBD1-48FF-BC49-31CDA27D8D77}.ExportRelease|Any CPU.ActiveCfg = ExportRelease|Any CPU
		{0A35D674-CBD1-48FF-BC49-31CDA27D8D77}.ExportRelease|Any CPU.Build.0 = ExportRelease|Any CPU
	EndGlobalSection
EndGlobal
